
Microsoft Visual Studio Solution File, Format Version 12.00
# Visual Studio Version 17
VisualStudioVersion = 17.1.32210.238
MinimumVisualStudioVersion = 10.0.40219.1
Project("{FAE04EC0-301F-11D3-BF4B-00C04F79EFBC}") = "ChessGame", "ChessGame\ChessGame.csproj", "{EFC6961F-427E-4EDF-8245-7B1B8E21910D}"
EndProject
Global
	GlobalSection(SolutionConfigurationPlatforms) = preSolution
		Debug|Any CPU = Debug|Any CPU
		Release|Any CPU = Release|Any CPU
	EndGlobalSection
	GlobalSection(ProjectConfigurationPlatforms) = postSolution
		{EFC6961F-427E-4EDF-8245-7B1B8E21910D}.Debug|Any CPU.ActiveCfg = Debug|Any CPU
		{EFC6961F-427E-4EDF-8245-7B1B8E21910D}.Debug|Any CPU.Build.0 = Debug|Any CPU
		{EFC6961F-427E-4EDF-8245-7B1B8E21910D}.Release|Any CPU.ActiveCfg = Release|Any CPU
		{EFC6961F-427E-4EDF-8245-7B1B8E21910D}.Release|Any CPU.Build.0 = Release|Any CPU
	EndGlobalSection
	GlobalSection(SolutionProperties) = preSolution
		HideSolutionNode = FALSE
	EndGlobalSection
	GlobalSection(ExtensibilityGlobals) = postSolution
		SolutionGuid = {6D8A9621-9E92-46D4-966A-A0087F58D0EC}
	EndGlobalSection
EndGlobal
